github.com/ananthb/jughead v1.5.2 h1:8aGsF/vHCdcnliGEYPySt4yroEpw7vsfJHRTxGcbxo8=
github.com/ananthb/jughead v1.5.2/go.mod h1:6zHb3dmeo4fvH8zP7whdoN7l9iToSqoSmbs+5swOiFE=
github.com/ananthb/jughead v1.5.3 h1:cLtL7tnf+t7zdfmtUDro/LFJ3AhU6WhmzBg2XiAUx4I=
github.com/ananthb/jughead v1.5.3/go.mod h1:6zHb3dmeo4fvH8zP7whdoN7l9iToSqoSmbs+5swOiFE=
