github.com/ananthb/jughead v1.3.4 h1:CrGLxCsIZZOW5r7ivZW8Onea1HgvcrC/N2KYfQbcNpk=
github.com/ananthb/jughead v1.3.4/go.mod h1:1swGYpnHjJcJJJrH4E9ynWyuK5McvWTIn1GUsi60Uq4=
github.com/ananthb/jughead v1.4.0 h1:VNv53qiwkTgJMPMXNUKMpz9wai81p7hAtdCSQB9yysA=
github.com/ananthb/jughead v1.4.0/go.mod h1:6zHb3dmeo4fvH8zP7whdoN7l9iToSqoSmbs+5swOiFE=
